
Microsoft Visual Studio Solution File, Format Version 12.00
# Visual Studio Version 16
VisualStudioVersion = 16.0.30517.126
MinimumVisualStudioVersion = 10.0.40219.1
Project("{FAE04EC0-301F-11D3-BF4B-00C04F79EFBC}") = "CarValue", "CarValue\CarValue.csproj", "{C49D6B65-27F7-442A-8706-9BC7DCF3B11F}"
EndProject
Global
	GlobalSection(SolutionConfigurationPlatforms) = preSolution
		Debug|Any CPU = Debug|Any CPU
		Release|Any CPU = Release|Any CPU
	EndGlobalSection
	GlobalSection(ProjectConfigurationPlatforms) = postSolution
		{C49D6B65-27F7-442A-8706-9BC7DCF3B11F}.Debug|Any CPU.ActiveCfg = Debug|Any CPU
		{C49D6B65-27F7-442A-8706-9BC7DCF3B11F}.Debug|Any CPU.Build.0 = Debug|Any CPU
		{C49D6B65-27F7-442A-8706-9BC7DCF3B11F}.Release|Any CPU.ActiveCfg = Release|Any CPU
		{C49D6B65-27F7-442A-8706-9BC7DCF3B11F}.Release|Any CPU.Build.0 = Release|Any CPU
	EndGlobalSection
	GlobalSection(SolutionProperties) = preSolution
		HideSolutionNode = FALSE
	EndGlobalSection
	GlobalSection(ExtensibilityGlobals) = postSolution
		SolutionGuid = {67B61B26-94A9-47D9-B541-A665344D62CB}
	EndGlobalSection
EndGlobal
